
Microsoft Visual Studio Solution File, Format Version 12.00
# Visual Studio 15
VisualStudioVersion = 15.0.27428.2015
MinimumVisualStudioVersion = 10.0.40219.1
Project("{9A19103F-16F7-4668-BE54-9A1E7A4F7556}") = "Number of anagram pairs of substring in  strings", "Number of anagram pairs of substring in  strings\Number of anagram pairs of substring in  strings.csproj", "{3717E04E-1095-4300-8D7C-E583440D3000}"
EndProject
Project("{FAE04EC0-301F-11D3-BF4B-00C04F79EFBC}") = "Anagram pair calculator  Test", "Anagram pair calculator  Test\Anagram pair calculator  Test.csproj", "{3940DAA3-6C9E-49FE-9D33-6009608DBDCC}"
EndProject
Global
	GlobalSection(SolutionConfigurationPlatforms) = preSolution
		Debug|Any CPU = Debug|Any CPU
		Release|Any CPU = Release|Any CPU
	EndGlobalSection
	GlobalSection(ProjectConfigurationPlatforms) = postSolution
		{3717E04E-1095-4300-8D7C-E583440D3000}.Debug|Any CPU.ActiveCfg = Debug|Any CPU
		{3717E04E-1095-4300-8D7C-E583440D3000}.Debug|Any CPU.Build.0 = Debug|Any CPU
		{3717E04E-1095-4300-8D7C-E583440D3000}.Release|Any CPU.ActiveCfg = Release|Any CPU
		{3717E04E-1095-4300-8D7C-E583440D3000}.Release|Any CPU.Build.0 = Release|Any CPU
		{3940DAA3-6C9E-49FE-9D33-6009608DBDCC}.Debug|Any CPU.ActiveCfg = Debug|Any CPU
		{3940DAA3-6C9E-49FE-9D33-6009608DBDCC}.Debug|Any CPU.Build.0 = Debug|Any CPU
		{3940DAA3-6C9E-49FE-9D33-6009608DBDCC}.Release|Any CPU.ActiveCfg = Release|Any CPU
		{3940DAA3-6C9E-49FE-9D33-6009608DBDCC}.Release|Any CPU.Build.0 = Release|Any CPU
	EndGlobalSection
	GlobalSection(SolutionProperties) = preSolution
		HideSolutionNode = FALSE
	EndGlobalSection
	GlobalSection(ExtensibilityGlobals) = postSolution
		SolutionGuid = {7B25CAF9-BFEA-4CCA-B881-2AC8E86BE7E1}
	EndGlobalSection
EndGlobal
